// !$*UTF8*$!
{
	archiveVersion = 1;
	classes = {
	};
	objectVersion = 46;
	objects = {

/* Begin PBXBuildFile section */
		6102C2C9C06F607571D3E9A1 /* libPods.a in Frameworks */ = {isa = PBXBuildFile; fileRef = F1AA2F2AFB7C2F544932EE56 /* libPods.a */; };
		8400987F1CAA184400E1E8B7 /* LZPlayerForRecorder.m in Sources */ = {isa = PBXBuildFile; fileRef = 8400987C1CAA184400E1E8B7 /* LZPlayerForRecorder.m */; };
		840098801CAA184400E1E8B7 /* LZRecorderTool.m in Sources */ = {isa = PBXBuildFile; fileRef = 8400987E1CAA184400E1E8B7 /* LZRecorderTool.m */; };
		840098841CAA185E00E1E8B7 /* LZSingleChatTool.m in Sources */ = {isa = PBXBuildFile; fileRef = 840098831CAA185E00E1E8B7 /* LZSingleChatTool.m */; };
		840098861CAA263800E1E8B7 /* music.mp3 in Resources */ = {isa = PBXBuildFile; fileRef = 840098851CAA263800E1E8B7 /* music.mp3 */; };
		840F87A21CAA73C30087395F /* 20162429042439.wav in Resources */ = {isa = PBXBuildFile; fileRef = 840F87A01CAA73C30087395F /* 20162429042439.wav */; };
		840F87A31CAA73C30087395F /* 20162529042551.caf in Resources */ = {isa = PBXBuildFile; fileRef = 840F87A11CAA73C30087395F /* 20162529042551.caf */; };
		841D83B51C9AB5D30098B207 /* AppDelegate.m in Sources */ = {isa = PBXBuildFile; fileRef = 841D83A41C9AB5D30098B207 /* AppDelegate.m */; };
		841D83B61C9AB5D30098B207 /* UIBarButtonItem+Extension.m in Sources */ = {isa = PBXBuildFile; fileRef = 841D83A71C9AB5D30098B207 /* UIBarButtonItem+Extension.m */; };
		841D83B71C9AB5D30098B207 /* UIView+Extension.m in Sources */ = {isa = PBXBuildFile; fileRef = 841D83A91C9AB5D30098B207 /* UIView+Extension.m */; };
		841D83B81C9AB5D30098B207 /* main.m in Sources */ = {isa = PBXBuildFile; fileRef = 841D83AA1C9AB5D30098B207 /* main.m */; };
		841D83B91C9AB5D30098B207 /* SVIndefiniteAnimatedView.m in Sources */ = {isa = PBXBuildFile; fileRef = 841D83AE1C9AB5D30098B207 /* SVIndefiniteAnimatedView.m */; };
		841D83BA1C9AB5D30098B207 /* SVProgressHUD.bundle in Resources */ = {isa = PBXBuildFile; fileRef = 841D83B01C9AB5D30098B207 /* SVProgressHUD.bundle */; };
		841D83BB1C9AB5D30098B207 /* SVProgressHUD.m in Sources */ = {isa = PBXBuildFile; fileRef = 841D83B21C9AB5D30098B207 /* SVProgressHUD.m */; };
		841D83BC1C9AB5D30098B207 /* SVRadialGradientLayer.m in Sources */ = {isa = PBXBuildFile; fileRef = 841D83B41C9AB5D30098B207 /* SVRadialGradientLayer.m */; };
		8457B15D1CAD132400806521 /* SDKVIew.xib in Resources */ = {isa = PBXBuildFile; fileRef = 8457B15C1CAD132400806521 /* SDKVIew.xib */; };
		847C74991C9A5CB700805195 /* LZTabBarController.m in Sources */ = {isa = PBXBuildFile; fileRef = 847C74981C9A5CB700805195 /* LZTabBarController.m */; };
		847C749C1C9A5D3500805195 /* LZNavigationController.m in Sources */ = {isa = PBXBuildFile; fileRef = 847C749B1C9A5D3500805195 /* LZNavigationController.m */; };
		847C74A71C9A5E2300805195 /* LZHomeTableViewController.m in Sources */ = {isa = PBXBuildFile; fileRef = 847C74A61C9A5E2300805195 /* LZHomeTableViewController.m */; };
		847C74AA1C9A5E3D00805195 /* LZMeTableViewController.m in Sources */ = {isa = PBXBuildFile; fileRef = 847C74A91C9A5E3D00805195 /* LZMeTableViewController.m */; };
		848D9D1C1C9285ED00AD5670 /* Assets.xcassets in Resources */ = {isa = PBXBuildFile; fileRef = 848D9D1B1C9285ED00AD5670 /* Assets.xcassets */; };
		848D9D2A1C9285EE00AD5670 /* LZChatTests.m in Sources */ = {isa = PBXBuildFile; fileRef = 848D9D291C9285EE00AD5670 /* LZChatTests.m */; };
		848D9D351C9285EE00AD5670 /* LZChatUITests.m in Sources */ = {isa = PBXBuildFile; fileRef = 848D9D341C9285EE00AD5670 /* LZChatUITests.m */; };
		848E5D961C98F5F7000157DE /* LZRegisterViewController.m in Sources */ = {isa = PBXBuildFile; fileRef = 848E5D941C98F5F7000157DE /* LZRegisterViewController.m */; };
		848E5D971C98F5F7000157DE /* LZRegisterViewController.xib in Resources */ = {isa = PBXBuildFile; fileRef = 848E5D951C98F5F7000157DE /* LZRegisterViewController.xib */; };
		84A21F1F1CA29438006599BE /* LZSingleChatViewController.m in Sources */ = {isa = PBXBuildFile; fileRef = 84A21F1D1CA29438006599BE /* LZSingleChatViewController.m */; };
		84A21F231CA29442006599BE /* LZSingleChatTableViewCell.m in Sources */ = {isa = PBXBuildFile; fileRef = 84A21F221CA29442006599BE /* LZSingleChatTableViewCell.m */; };
		84A21F261CA2944A006599BE /* SingleMessage.m in Sources */ = {isa = PBXBuildFile; fileRef = 84A21F251CA2944A006599BE /* SingleMessage.m */; };
		84AE0D0C1C993AE7007A66D9 /* LZLoginViewController.m in Sources */ = {isa = PBXBuildFile; fileRef = 84AE0D0B1C993AE7007A66D9 /* LZLoginViewController.m */; };
		84AE0D101C993BE5007A66D9 /* LZLoginViewController.xib in Resources */ = {isa = PBXBuildFile; fileRef = 84AE0D0F1C993BE5007A66D9 /* LZLoginViewController.xib */; };
		84AE0D1B1C9952FF007A66D9 /* LZDropdownMenu.m in Sources */ = {isa = PBXBuildFile; fileRef = 84AE0D1A1C9952FF007A66D9 /* LZDropdownMenu.m */; };
		84B46F9E1CA29BEC00B563A9 /* messages.plist in Resources */ = {isa = PBXBuildFile; fileRef = 84B46F9D1CA29BEC00B563A9 /* messages.plist */; };
		84CFCBA01CA2D81800913231 /* LZSingleChatViewController.storyboard in Resources */ = {isa = PBXBuildFile; fileRef = 84CFCB9F1CA2D81800913231 /* LZSingleChatViewController.storyboard */; };
/* End PBXBuildFile section */

/* Begin PBXContainerItemProxy section */
		848D9D261C9285EE00AD5670 /* PBXContainerItemProxy */ = {
			isa = PBXContainerItemProxy;
			containerPortal = 848D9D041C9285ED00AD5670 /* Project object */;
			proxyType = 1;
			remoteGlobalIDString = 848D9D0B1C9285ED00AD5670;
			remoteInfo = LZChat;
		};
		848D9D311C9285EE00AD5670 /* PBXContainerItemProxy */ = {
			isa = PBXContainerItemProxy;
			containerPortal = 848D9D041C9285ED00AD5670 /* Project object */;
			proxyType = 1;
			remoteGlobalIDString = 848D9D0B1C9285ED00AD5670;
			remoteInfo = LZChat;
		};
/* End PBXContainerItemProxy section */

/* Begin PBXFileReference section */
		50E25415B9977735FA4544CE /* Pods.release.xcconfig */ = {isa = PBXFileReference; includeInIndex = 1; lastKnownFileType = text.xcconfig; name = Pods.release.xcconfig; path = "Pods/Target Support Files/Pods/Pods.release.xcconfig"; sourceTree = "<group>"; };
		8400987B1CAA184400E1E8B7 /* LZPlayerForRecorder.h */ = {isa = PBXFileReference; fileEncoding = 4; lastKnownFileType = sourcecode.c.h; path = LZPlayerForRecorder.h; sourceTree = "<group>"; };
		8400987C1CAA184400E1E8B7 /* LZPlayerForRecorder.m */ = {isa = PBXFileReference; fileEncoding = 4; lastKnownFileType = sourcecode.c.objc; path = LZPlayerForRecorder.m; sourceTree = "<group>"; };
		8400987D1CAA184400E1E8B7 /* LZRecorderTool.h */ = {isa = PBXFileReference; fileEncoding = 4; lastKnownFileType = sourcecode.c.h; path = LZRecorderTool.h; sourceTree = "<group>"; };
		8400987E1CAA184400E1E8B7 /* LZRecorderTool.m */ = {isa = PBXFileReference; fileEncoding = 4; lastKnownFileType = sourcecode.c.objc; path = LZRecorderTool.m; sourceTree = "<group>"; };
		840098821CAA185E00E1E8B7 /* LZSingleChatTool.h */ = {isa = PBXFileReference; fileEncoding = 4; lastKnownFileType = sourcecode.c.h; path = LZSingleChatTool.h; sourceTree = "<group>"; };
		840098831CAA185E00E1E8B7 /* LZSingleChatTool.m */ = {isa = PBXFileReference; fileEncoding = 4; lastKnownFileType = sourcecode.c.objc; path = LZSingleChatTool.m; sourceTree = "<group>"; };
		840098851CAA263800E1E8B7 /* music.mp3 */ = {isa = PBXFileReference; lastKnownFileType = audio.mp3; path = music.mp3; sourceTree = "<group>"; };
		840F87A01CAA73C30087395F /* 20162429042439.wav */ = {isa = PBXFileReference; lastKnownFileType = audio.wav; path = 20162429042439.wav; sourceTree = "<group>"; };
		840F87A11CAA73C30087395F /* 20162529042551.caf */ = {isa = PBXFileReference; lastKnownFileType = file; path = 20162529042551.caf; sourceTree = "<group>"; };
		841D83A31C9AB5D30098B207 /* AppDelegate.h */ = {isa = PBXFileReference; fileEncoding = 4; lastKnownFileType = sourcecode.c.h; path = AppDelegate.h; sourceTree = "<group>"; };
		841D83A41C9AB5D30098B207 /* AppDelegate.m */ = {isa = PBXFileReference; fileEncoding = 4; lastKnownFileType = sourcecode.c.objc; path = AppDelegate.m; sourceTree = "<group>"; };
		841D83A61C9AB5D30098B207 /* UIBarButtonItem+Extension.h */ = {isa = PBXFileReference; fileEncoding = 4; lastKnownFileType = sourcecode.c.h; path = "UIBarButtonItem+Extension.h"; sourceTree = "<group>"; };
		841D83A71C9AB5D30098B207 /* UIBarButtonItem+Extension.m */ = {isa = PBXFileReference; fileEncoding = 4; lastKnownFileType = sourcecode.c.objc; path = "UIBarButtonItem+Extension.m"; sourceTree = "<group>"; };
		841D83A81C9AB5D30098B207 /* UIView+Extension.h */ = {isa = PBXFileReference; fileEncoding = 4; lastKnownFileType = sourcecode.c.h; path = "UIView+Extension.h"; sourceTree = "<group>"; };
		841D83A91C9AB5D30098B207 /* UIView+Extension.m */ = {isa = PBXFileReference; fileEncoding = 4; lastKnownFileType = sourcecode.c.objc; path = "UIView+Extension.m"; sourceTree = "<group>"; };
		841D83AA1C9AB5D30098B207 /* main.m */ = {isa = PBXFileReference; fileEncoding = 4; lastKnownFileType = sourcecode.c.objc; path = main.m; sourceTree = "<group>"; };
		841D83AD1C9AB5D30098B207 /* SVIndefiniteAnimatedView.h */ = {isa = PBXFileReference; fileEncoding = 4; lastKnownFileType = sourcecode.c.h; path = SVIndefiniteAnimatedView.h; sourceTree = "<group>"; };
		841D83AE1C9AB5D30098B207 /* SVIndefiniteAnimatedView.m */ = {isa = PBXFileReference; fileEncoding = 4; lastKnownFileType = sourcecode.c.objc; path = SVIndefiniteAnimatedView.m; sourceTree = "<group>"; };
		841D83AF1C9AB5D30098B207 /* SVProgressHUD-Prefix.pch */ = {isa = PBXFileReference; fileEncoding = 4; lastKnownFileType = sourcecode.c.h; path = "SVProgressHUD-Prefix.pch"; sourceTree = "<group>"; };
		841D83B01C9AB5D30098B207 /* SVProgressHUD.bundle */ = {isa = PBXFileReference; lastKnownFileType = "wrapper.plug-in"; path = SVProgressHUD.bundle; sourceTree = "<group>"; };
		841D83B11C9AB5D30098B207 /* SVProgressHUD.h */ = {isa = PBXFileReference; fileEncoding = 4; lastKnownFileType = sourcecode.c.h; path = SVProgressHUD.h; sourceTree = "<group>"; };
		841D83B21C9AB5D30098B207 /* SVProgressHUD.m */ = {isa = PBXFileReference; fileEncoding = 4; lastKnownFileType = sourcecode.c.objc; path = SVProgressHUD.m; sourceTree = "<group>"; };
		841D83B31C9AB5D30098B207 /* SVRadialGradientLayer.h */ = {isa = PBXFileReference; fileEncoding = 4; lastKnownFileType = sourcecode.c.h; path = SVRadialGradientLayer.h; sourceTree = "<group>"; };
		841D83B41C9AB5D30098B207 /* SVRadialGradientLayer.m */ = {isa = PBXFileReference; fileEncoding = 4; lastKnownFileType = sourcecode.c.objc; path = SVRadialGradientLayer.m; sourceTree = "<group>"; };
		8457B15C1CAD132400806521 /* SDKVIew.xib */ = {isa = PBXFileReference; fileEncoding = 4; lastKnownFileType = file.xib; path = SDKVIew.xib; sourceTree = "<group>"; };
		847C74971C9A5CB700805195 /* LZTabBarController.h */ = {isa = PBXFileReference; fileEncoding = 4; lastKnownFileType = sourcecode.c.h; path = LZTabBarController.h; sourceTree = "<group>"; };
		847C74981C9A5CB700805195 /* LZTabBarController.m */ = {isa = PBXFileReference; fileEncoding = 4; lastKnownFileType = sourcecode.c.objc; path = LZTabBarController.m; sourceTree = "<group>"; };
		847C749A1C9A5D3500805195 /* LZNavigationController.h */ = {isa = PBXFileReference; fileEncoding = 4; lastKnownFileType = sourcecode.c.h; path = LZNavigationController.h; sourceTree = "<group>"; };
		847C749B1C9A5D3500805195 /* LZNavigationController.m */ = {isa = PBXFileReference; fileEncoding = 4; lastKnownFileType = sourcecode.c.objc; path = LZNavigationController.m; sourceTree = "<group>"; };
		847C74A51C9A5E2300805195 /* LZHomeTableViewController.h */ = {isa = PBXFileReference; fileEncoding = 4; lastKnownFileType = sourcecode.c.h; path = LZHomeTableViewController.h; sourceTree = "<group>"; };
		847C74A61C9A5E2300805195 /* LZHomeTableViewController.m */ = {isa = PBXFileReference; fileEncoding = 4; lastKnownFileType = sourcecode.c.objc; path = LZHomeTableViewController.m; sourceTree = "<group>"; };
		847C74A81C9A5E3D00805195 /* LZMeTableViewController.h */ = {isa = PBXFileReference; fileEncoding = 4; lastKnownFileType = sourcecode.c.h; path = LZMeTableViewController.h; sourceTree = "<group>"; };
		847C74A91C9A5E3D00805195 /* LZMeTableViewController.m */ = {isa = PBXFileReference; fileEncoding = 4; lastKnownFileType = sourcecode.c.objc; path = LZMeTableViewController.m; sourceTree = "<group>"; };
		848D9D0C1C9285ED00AD5670 /* LZChat.app */ = {isa = PBXFileReference; explicitFileType = wrapper.application; includeInIndex = 0; path = LZChat.app; sourceTree = BUILT_PRODUCTS_DIR; };
		848D9D1B1C9285ED00AD5670 /* Assets.xcassets */ = {isa = PBXFileReference; lastKnownFileType = folder.assetcatalog; path = Assets.xcassets; sourceTree = "<group>"; };
		848D9D201C9285ED00AD5670 /* Info.plist */ = {isa = PBXFileReference; lastKnownFileType = text.plist.xml; path = Info.plist; sourceTree = "<group>"; };
		848D9D251C9285EE00AD5670 /* LZChatTests.xctest */ = {isa = PBXFileReference; explicitFileType = wrapper.cfbundle; includeInIndex = 0; path = LZChatTests.xctest; sourceTree = BUILT_PRODUCTS_DIR; };
		848D9D291C9285EE00AD5670 /* LZChatTests.m */ = {isa = PBXFileReference; lastKnownFileType = sourcecode.c.objc; path = LZChatTests.m; sourceTree = "<group>"; };
		848D9D2B1C9285EE00AD5670 /* Info.plist */ = {isa = PBXFileReference; lastKnownFileType = text.plist.xml; path = Info.plist; sourceTree = "<group>"; };
		848D9D301C9285EE00AD5670 /* LZChatUITests.xctest */ = {isa = PBXFileReference; explicitFileType = wrapper.cfbundle; includeInIndex = 0; path = LZChatUITests.xctest; sourceTree = BUILT_PRODUCTS_DIR; };
		848D9D341C9285EE00AD5670 /* LZChatUITests.m */ = {isa = PBXFileReference; lastKnownFileType = sourcecode.c.objc; path = LZChatUITests.m; sourceTree = "<group>"; };
		848D9D361C9285EE00AD5670 /* Info.plist */ = {isa = PBXFileReference; lastKnownFileType = text.plist.xml; path = Info.plist; sourceTree = "<group>"; };
		848D9D431C929A6500AD5670 /* LZChat-PrefixHeader.pch */ = {isa = PBXFileReference; fileEncoding = 4; lastKnownFileType = sourcecode.c.h; path = "LZChat-PrefixHeader.pch"; sourceTree = "<group>"; };
		848E5D931C98F5F7000157DE /* LZRegisterViewController.h */ = {isa = PBXFileReference; fileEncoding = 4; lastKnownFileType = sourcecode.c.h; path = LZRegisterViewController.h; sourceTree = "<group>"; };
		848E5D941C98F5F7000157DE /* LZRegisterViewController.m */ = {isa = PBXFileReference; fileEncoding = 4; lastKnownFileType = sourcecode.c.objc; path = LZRegisterViewController.m; sourceTree = "<group>"; };
		848E5D951C98F5F7000157DE /* LZRegisterViewController.xib */ = {isa = PBXFileReference; fileEncoding = 4; lastKnownFileType = file.xib; path = LZRegisterViewController.xib; sourceTree = "<group>"; };
		84A21F1C1CA29438006599BE /* LZSingleChatViewController.h */ = {isa = PBXFileReference; fileEncoding = 4; lastKnownFileType = sourcecode.c.h; path = LZSingleChatViewController.h; sourceTree = "<group>"; };
		84A21F1D1CA29438006599BE /* LZSingleChatViewController.m */ = {isa = PBXFileReference; fileEncoding = 4; lastKnownFileType = sourcecode.c.objc; path = LZSingleChatViewController.m; sourceTree = "<group>"; };
		84A21F211CA29442006599BE /* LZSingleChatTableViewCell.h */ = {isa = PBXFileReference; fileEncoding = 4; lastKnownFileType = sourcecode.c.h; path = LZSingleChatTableViewCell.h; sourceTree = "<group>"; };
		84A21F221CA29442006599BE /* LZSingleChatTableViewCell.m */ = {isa = PBXFileReference; fileEncoding = 4; lastKnownFileType = sourcecode.c.objc; path = LZSingleChatTableViewCell.m; sourceTree = "<group>"; };
		84A21F241CA2944A006599BE /* SingleMessage.h */ = {isa = PBXFileReference; fileEncoding = 4; lastKnownFileType = sourcecode.c.h; path = SingleMessage.h; sourceTree = "<group>"; };
		84A21F251CA2944A006599BE /* SingleMessage.m */ = {isa = PBXFileReference; fileEncoding = 4; lastKnownFileType = sourcecode.c.objc; path = SingleMessage.m; sourceTree = "<group>"; };
		84AE0D0A1C993AE7007A66D9 /* LZLoginViewController.h */ = {isa = PBXFileReference; fileEncoding = 4; lastKnownFileType = sourcecode.c.h; path = LZLoginViewController.h; sourceTree = "<group>"; };
		84AE0D0B1C993AE7007A66D9 /* LZLoginViewController.m */ = {isa = PBXFileReference; fileEncoding = 4; lastKnownFileType = sourcecode.c.objc; path = LZLoginViewController.m; sourceTree = "<group>"; };
		84AE0D0F1C993BE5007A66D9 /* LZLoginViewController.xib */ = {isa = PBXFileReference; fileEncoding = 4; lastKnownFileType = file.xib; path = LZLoginViewController.xib; sourceTree = "<group>"; };
		84AE0D191C9952FF007A66D9 /* LZDropdownMenu.h */ = {isa = PBXFileReference; fileEncoding = 4; lastKnownFileType = sourcecode.c.h; path = LZDropdownMenu.h; sourceTree = "<group>"; };
		84AE0D1A1C9952FF007A66D9 /* LZDropdownMenu.m */ = {isa = PBXFileReference; fileEncoding = 4; lastKnownFileType = sourcecode.c.objc; path = LZDropdownMenu.m; sourceTree = "<group>"; };
		84B46F9D1CA29BEC00B563A9 /* messages.plist */ = {isa = PBXFileReference; fileEncoding = 4; lastKnownFileType = text.plist.xml; path = messages.plist; sourceTree = "<group>"; };
		84CFCB9F1CA2D81800913231 /* LZSingleChatViewController.storyboard */ = {isa = PBXFileReference; fileEncoding = 4; lastKnownFileType = file.storyboard; name = LZSingleChatViewController.storyboard; path = LZChat/Classes/Home/ViewController/LZSingleChatViewController.storyboard; sourceTree = SOURCE_ROOT; };
		9E3E618338FBC6944A7F90B9 /* Pods.debug.xcconfig */ = {isa = PBXFileReference; includeInIndex = 1; lastKnownFileType = text.xcconfig; name = Pods.debug.xcconfig; path = "Pods/Target Support Files/Pods/Pods.debug.xcconfig"; sourceTree = "<group>"; };
		F1AA2F2AFB7C2F544932EE56 /* libPods.a */ = {isa = PBXFileReference; explicitFileType = archive.ar; includeInIndex = 0; path = libPods.a; sourceTree = BUILT_PRODUCTS_DIR; };
/* End PBXFileReference section */

/* Begin PBXFrameworksBuildPhase section */
		848D9D091C9285ED00AD5670 /* Frameworks */ = {
			isa = PBXFrameworksBuildPhase;
			buildActionMask = 2147483647;
			files = (
				6102C2C9C06F607571D3E9A1 /* libPods.a in Frameworks */,
			);
			runOnlyForDeploymentPostprocessing = 0;
		};
		848D9D221C9285EE00AD5670 /* Frameworks */ = {
			isa = PBXFrameworksBuildPhase;
			buildActionMask = 2147483647;
			files = (
			);
			runOnlyForDeploymentPostprocessing = 0;
		};
		848D9D2D1C9285EE00AD5670 /* Frameworks */ = {
			isa = PBXFrameworksBuildPhase;
			buildActionMask = 2147483647;
			files = (
			);
			runOnlyForDeploymentPostprocessing = 0;
		};
/* End PBXFrameworksBuildPhase section */

/* Begin PBXGroup section */
		762C644A0A26D15AA483BD47 /* Frameworks */ = {
			isa = PBXGroup;
			children = (
				F1AA2F2AFB7C2F544932EE56 /* libPods.a */,
			);
			name = Frameworks;
			sourceTree = "<group>";
		};
		8400987A1CAA184400E1E8B7 /* LZPlayerAndRecoder */ = {
			isa = PBXGroup;
			children = (
				8400987B1CAA184400E1E8B7 /* LZPlayerForRecorder.h */,
				8400987C1CAA184400E1E8B7 /* LZPlayerForRecorder.m */,
				8400987D1CAA184400E1E8B7 /* LZRecorderTool.h */,
				8400987E1CAA184400E1E8B7 /* LZRecorderTool.m */,
			);
			path = LZPlayerAndRecoder;
			sourceTree = "<group>";
		};
		840098811CAA185E00E1E8B7 /* LZSingleChatTool */ = {
			isa = PBXGroup;
			children = (
				840098821CAA185E00E1E8B7 /* LZSingleChatTool.h */,
				840098831CAA185E00E1E8B7 /* LZSingleChatTool.m */,
			);
			path = LZSingleChatTool;
			sourceTree = "<group>";
		};
		841D83A21C9AB5D30098B207 /* Other */ = {
			isa = PBXGroup;
			children = (
				841D83A31C9AB5D30098B207 /* AppDelegate.h */,
				841D83A41C9AB5D30098B207 /* AppDelegate.m */,
				8457B15C1CAD132400806521 /* SDKVIew.xib */,
				841D83AA1C9AB5D30098B207 /* main.m */,
				84E774481CA50B9C0063BBF9 /* Tool */,
				841D83A51C9AB5D30098B207 /* Categrory */,
				841D83AB1C9AB5D30098B207 /* ThiredLib */,
			);
			path = Other;
			sourceTree = "<group>";
		};
		841D83A51C9AB5D30098B207 /* Categrory */ = {
			isa = PBXGroup;
			children = (
				841D83A61C9AB5D30098B207 /* UIBarButtonItem+Extension.h */,
				841D83A71C9AB5D30098B207 /* UIBarButtonItem+Extension.m */,
				841D83A81C9AB5D30098B207 /* UIView+Extension.h */,
				841D83A91C9AB5D30098B207 /* UIView+Extension.m */,
			);
			path = Categrory;
			sourceTree = "<group>";
		};
		841D83AB1C9AB5D30098B207 /* ThiredLib */ = {
			isa = PBXGroup;
			children = (
				841D83AC1C9AB5D30098B207 /* SVProgressHUD */,
			);
			path = ThiredLib;
			sourceTree = "<group>";
		};
		841D83AC1C9AB5D30098B207 /* SVProgressHUD */ = {
			isa = PBXGroup;
			children = (
				841D83AD1C9AB5D30098B207 /* SVIndefiniteAnimatedView.h */,
				841D83AE1C9AB5D30098B207 /* SVIndefiniteAnimatedView.m */,
				841D83AF1C9AB5D30098B207 /* SVProgressHUD-Prefix.pch */,
				841D83B01C9AB5D30098B207 /* SVProgressHUD.bundle */,
				841D83B11C9AB5D30098B207 /* SVProgressHUD.h */,
				841D83B21C9AB5D30098B207 /* SVProgressHUD.m */,
				841D83B31C9AB5D30098B207 /* SVRadialGradientLayer.h */,
				841D83B41C9AB5D30098B207 /* SVRadialGradientLayer.m */,
			);
			path = SVProgressHUD;
			sourceTree = "<group>";
		};
		847C74931C9A5C4A00805195 /* Main */ = {
			isa = PBXGroup;
			children = (
				841D83A21C9AB5D30098B207 /* Other */,
				847C74941C9A5C7F00805195 /* Model */,
				847C74951C9A5C7F00805195 /* View */,
				847C74961C9A5C7F00805195 /* ViewController */,
			);
			path = Main;
			sourceTree = "<group>";
		};
		847C74941C9A5C7F00805195 /* Model */ = {
			isa = PBXGroup;
			children = (
			);
			path = Model;
			sourceTree = "<group>";
		};
		847C74951C9A5C7F00805195 /* View */ = {
			isa = PBXGroup;
			children = (
			);
			path = View;
			sourceTree = "<group>";
		};
		847C74961C9A5C7F00805195 /* ViewController */ = {
			isa = PBXGroup;
			children = (
				847C74971C9A5CB700805195 /* LZTabBarController.h */,
				847C74981C9A5CB700805195 /* LZTabBarController.m */,
				847C749A1C9A5D3500805195 /* LZNavigationController.h */,
				847C749B1C9A5D3500805195 /* LZNavigationController.m */,
			);
			path = ViewController;
			sourceTree = "<group>";
		};
		847C749D1C9A5DE100805195 /* Home */ = {
			isa = PBXGroup;
			children = (
				847C749E1C9A5DE100805195 /* Model */,
				847C749F1C9A5DE100805195 /* View */,
				847C74A01C9A5DE100805195 /* ViewController */,
			);
			path = Home;
			sourceTree = "<group>";
		};
		847C749E1C9A5DE100805195 /* Model */ = {
			isa = PBXGroup;
			children = (
				84A21F241CA2944A006599BE /* SingleMessage.h */,
				84A21F251CA2944A006599BE /* SingleMessage.m */,
			);
			path = Model;
			sourceTree = "<group>";
		};
		847C749F1C9A5DE100805195 /* View */ = {
			isa = PBXGroup;
			children = (
				84A21F211CA29442006599BE /* LZSingleChatTableViewCell.h */,
				84A21F221CA29442006599BE /* LZSingleChatTableViewCell.m */,
				84CFCB9F1CA2D81800913231 /* LZSingleChatViewController.storyboard */,
			);
			path = View;
			sourceTree = "<group>";
		};
		847C74A01C9A5DE100805195 /* ViewController */ = {
			isa = PBXGroup;
			children = (
				84A21F1C1CA29438006599BE /* LZSingleChatViewController.h */,
				84A21F1D1CA29438006599BE /* LZSingleChatViewController.m */,
				847C74A51C9A5E2300805195 /* LZHomeTableViewController.h */,
				847C74A61C9A5E2300805195 /* LZHomeTableViewController.m */,
			);
			path = ViewController;
			sourceTree = "<group>";
		};
		847C74A11C9A5DE100805195 /* Me */ = {
			isa = PBXGroup;
			children = (
				847C74A21C9A5DE100805195 /* Model */,
				847C74A31C9A5DE100805195 /* View */,
				847C74A41C9A5DE100805195 /* ViewController */,
			);
			path = Me;
			sourceTree = "<group>";
		};
		847C74A21C9A5DE100805195 /* Model */ = {
			isa = PBXGroup;
			children = (
			);
			path = Model;
			sourceTree = "<group>";
		};
		847C74A31C9A5DE100805195 /* View */ = {
			isa = PBXGroup;
			children = (
			);
			path = View;
			sourceTree = "<group>";
		};
		847C74A41C9A5DE100805195 /* ViewController */ = {
			isa = PBXGroup;
			children = (
				847C74A81C9A5E3D00805195 /* LZMeTableViewController.h */,
				847C74A91C9A5E3D00805195 /* LZMeTableViewController.m */,
			);
			path = ViewController;
			sourceTree = "<group>";
		};
		848834521C92BED900661860 /* Classes */ = {
			isa = PBXGroup;
			children = (
				847C749D1C9A5DE100805195 /* Home */,
				847C74A11C9A5DE100805195 /* Me */,
				847C74931C9A5C4A00805195 /* Main */,
				848834531C92BF1D00661860 /* Login */,
			);
			path = Classes;
			sourceTree = "<group>";
		};
		848834531C92BF1D00661860 /* Login */ = {
			isa = PBXGroup;
			children = (
				848834541C92BF1D00661860 /* Controllers */,
				848834551C92BF1D00661860 /* Model */,
				848834561C92BF1D00661860 /* View */,
			);
			path = Login;
			sourceTree = "<group>";
		};
		848834541C92BF1D00661860 /* Controllers */ = {
			isa = PBXGroup;
			children = (
				848E5D931C98F5F7000157DE /* LZRegisterViewController.h */,
				848E5D941C98F5F7000157DE /* LZRegisterViewController.m */,
				848E5D951C98F5F7000157DE /* LZRegisterViewController.xib */,
				84AE0D0A1C993AE7007A66D9 /* LZLoginViewController.h */,
				84AE0D0B1C993AE7007A66D9 /* LZLoginViewController.m */,
				84AE0D0F1C993BE5007A66D9 /* LZLoginViewController.xib */,
			);
			path = Controllers;
			sourceTree = "<group>";
		};
		848834551C92BF1D00661860 /* Model */ = {
			isa = PBXGroup;
			children = (
			);
			path = Model;
			sourceTree = "<group>";
		};
		848834561C92BF1D00661860 /* View */ = {
			isa = PBXGroup;
			children = (
				84AE0D191C9952FF007A66D9 /* LZDropdownMenu.h */,
				84AE0D1A1C9952FF007A66D9 /* LZDropdownMenu.m */,
			);
			path = View;
			sourceTree = "<group>";
		};
		848D9D031C9285ED00AD5670 = {
			isa = PBXGroup;
			children = (
				848D9D0E1C9285ED00AD5670 /* LZChat */,
				848D9D281C9285EE00AD5670 /* LZChatTests */,
				848D9D331C9285EE00AD5670 /* LZChatUITests */,
				848D9D0D1C9285ED00AD5670 /* Products */,
				EFC3D3479E826051DC382D1A /* Pods */,
				762C644A0A26D15AA483BD47 /* Frameworks */,
			);
			sourceTree = "<group>";
		};
		848D9D0D1C9285ED00AD5670 /* Products */ = {
			isa = PBXGroup;
			children = (
				848D9D0C1C9285ED00AD5670 /* LZChat.app */,
				848D9D251C9285EE00AD5670 /* LZChatTests.xctest */,
				848D9D301C9285EE00AD5670 /* LZChatUITests.xctest */,
			);
			name = Products;
			sourceTree = "<group>";
		};
		848D9D0E1C9285ED00AD5670 /* LZChat */ = {
			isa = PBXGroup;
			children = (
				848834521C92BED900661860 /* Classes */,
				848D9D0F1C9285ED00AD5670 /* Supporting Files */,
			);
			path = LZChat;
			sourceTree = "<group>";
		};
		848D9D0F1C9285ED00AD5670 /* Supporting Files */ = {
			isa = PBXGroup;
			children = (
				848D9D1B1C9285ED00AD5670 /* Assets.xcassets */,
				848D9D201C9285ED00AD5670 /* Info.plist */,
				84B46F9D1CA29BEC00B563A9 /* messages.plist */,
				848D9D431C929A6500AD5670 /* LZChat-PrefixHeader.pch */,
				840098851CAA263800E1E8B7 /* music.mp3 */,
				840F87A01CAA73C30087395F /* 20162429042439.wav */,
				840F87A11CAA73C30087395F /* 20162529042551.caf */,
				84AE0D111C99420D007A66D9 /* images */,
			);
			name = "Supporting Files";
			sourceTree = "<group>";
		};
		848D9D281C9285EE00AD5670 /* LZChatTests */ = {
			isa = PBXGroup;
			children = (
				848D9D291C9285EE00AD5670 /* LZChatTests.m */,
				848D9D2B1C9285EE00AD5670 /* Info.plist */,
			);
			path = LZChatTests;
			sourceTree = "<group>";
		};
		848D9D331C9285EE00AD5670 /* LZChatUITests */ = {
			isa = PBXGroup;
			children = (
				848D9D341C9285EE00AD5670 /* LZChatUITests.m */,
				848D9D361C9285EE00AD5670 /* Info.plist */,
			);
			path = LZChatUITests;
			sourceTree = "<group>";
		};
		84AE0D111C99420D007A66D9 /* images */ = {
			isa = PBXGroup;
			children = (
			);
			path = images;
			sourceTree = "<group>";
		};
		84E774481CA50B9C0063BBF9 /* Tool */ = {
			isa = PBXGroup;
			children = (
				840098811CAA185E00E1E8B7 /* LZSingleChatTool */,
				8400987A1CAA184400E1E8B7 /* LZPlayerAndRecoder */,
			);
			path = Tool;
			sourceTree = "<group>";
		};
		EFC3D3479E826051DC382D1A /* Pods */ = {
			isa = PBXGroup;
			children = (
				9E3E618338FBC6944A7F90B9 /* Pods.debug.xcconfig */,
				50E25415B9977735FA4544CE /* Pods.release.xcconfig */,
			);
			name = Pods;
			sourceTree = "<group>";
		};
/* End PBXGroup section */

/* Begin PBXNativeTarget section */
		848D9D0B1C9285ED00AD5670 /* LZChat */ = {
			isa = PBXNativeTarget;
			buildConfigurationList = 848D9D391C9285EE00AD5670 /* Build configuration list for PBXNativeTarget "LZChat" */;
			buildPhases = (
				79D56D5814365C4587322A0D /* Check Pods Manifest.lock */,
				848D9D081C9285ED00AD5670 /* Sources */,
				848D9D091C9285ED00AD5670 /* Frameworks */,
				848D9D0A1C9285ED00AD5670 /* Resources */,
				57C68AFB43299A75FF098E36 /* Embed Pods Frameworks */,
				C266708D4783D0E86051496F /* Copy Pods Resources */,
			);
			buildRules = (
			);
			dependencies = (
			);
			name = LZChat;
			productName = LZChat;
			productReference = 848D9D0C1C9285ED00AD5670 /* LZChat.app */;
			productType = "com.apple.product-type.application";
		};
		848D9D241C9285EE00AD5670 /* LZChatTests */ = {
			isa = PBXNativeTarget;
			buildConfigurationList = 848D9D3C1C9285EE00AD5670 /* Build configuration list for PBXNativeTarget "LZChatTests" */;
			buildPhases = (
				848D9D211C9285EE00AD5670 /* Sources */,
				848D9D221C9285EE00AD5670 /* Frameworks */,
				848D9D231C9285EE00AD5670 /* Resources */,
			);
			buildRules = (
			);
			dependencies = (
				848D9D271C9285EE00AD5670 /* PBXTargetDependency */,
			);
			name = LZChatTests;
			productName = LZChatTests;
			productReference = 848D9D251C9285EE00AD5670 /* LZChatTests.xctest */;
			productType = "com.apple.product-type.bundle.unit-test";
		};
		848D9D2F1C9285EE00AD5670 /* LZChatUITests */ = {
			isa = PBXNativeTarget;
			buildConfigurationList = 848D9D3F1C9285EE00AD5670 /* Build configuration list for PBXNativeTarget "LZChatUITests" */;
			buildPhases = (
				848D9D2C1C9285EE00AD5670 /* Sources */,
				848D9D2D1C9285EE00AD5670 /* Frameworks */,
				848D9D2E1C9285EE00AD5670 /* Resources */,
			);
			buildRules = (
			);
			dependencies = (
				848D9D321C9285EE00AD5670 /* PBXTargetDependency */,
			);
			name = LZChatUITests;
			productName = LZChatUITests;
			productReference = 848D9D301C9285EE00AD5670 /* LZChatUITests.xctest */;
			productType = "com.apple.product-type.bundle.ui-testing";
		};
/* End PBXNativeTarget section */

/* Begin PBXProject section */
		848D9D041C9285ED00AD5670 /* Project object */ = {
			isa = PBXProject;
			attributes = {
				CLASSPREFIX = LZ;
				LastUpgradeCheck = 0720;
				ORGANIZATIONNAME = lizheng;
				TargetAttributes = {
					848D9D0B1C9285ED00AD5670 = {
						CreatedOnToolsVersion = 7.2.1;
						DevelopmentTeam = G9GWY6T6FF;
					};
					848D9D241C9285EE00AD5670 = {
						CreatedOnToolsVersion = 7.2.1;
						TestTargetID = 848D9D0B1C9285ED00AD5670;
					};
					848D9D2F1C9285EE00AD5670 = {
						CreatedOnToolsVersion = 7.2.1;
						TestTargetID = 848D9D0B1C9285ED00AD5670;
					};
				};
			};
			buildConfigurationList = 848D9D071C9285ED00AD5670 /* Build configuration list for PBXProject "LZChat" */;
			compatibilityVersion = "Xcode 3.2";
			developmentRegion = English;
			hasScannedForEncodings = 0;
			knownRegions = (
				en,
				Base,
			);
			mainGroup = 848D9D031C9285ED00AD5670;
			productRefGroup = 848D9D0D1C9285ED00AD5670 /* Products */;
			projectDirPath = "";
			projectRoot = "";
			targets = (
				848D9D0B1C9285ED00AD5670 /* LZChat */,
				848D9D241C9285EE00AD5670 /* LZChatTests */,
				848D9D2F1C9285EE00AD5670 /* LZChatUITests */,
			);
		};
/* End PBXProject section */

/* Begin PBXResourcesBuildPhase section */
		848D9D0A1C9285ED00AD5670 /* Resources */ = {
			isa = PBXResourcesBuildPhase;
			buildActionMask = 2147483647;
			files = (
				841D83BA1C9AB5D30098B207 /* SVProgressHUD.bundle in Resources */,
				84AE0D101C993BE5007A66D9 /* LZLoginViewController.xib in Resources */,
				84B46F9E1CA29BEC00B563A9 /* messages.plist in Resources */,
				848D9D1C1C9285ED00AD5670 /* Assets.xcassets in Resources */,
				840F87A31CAA73C30087395F /* 20162529042551.caf in Resources */,
				8457B15D1CAD132400806521 /* SDKVIew.xib in Resources */,
				840098861CAA263800E1E8B7 /* music.mp3 in Resources */,
				848E5D971C98F5F7000157DE /* LZRegisterViewController.xib in Resources */,
				840F87A21CAA73C30087395F /* 20162429042439.wav in Resources */,
				84CFCBA01CA2D81800913231 /* LZSingleChatViewController.storyboard in Resources */,
			);
			runOnlyForDeploymentPostprocessing = 0;
		};
		848D9D231C9285EE00AD5670 /* Resources */ = {
			isa = PBXResourcesBuildPhase;
			buildActionMask = 2147483647;
			files = (
			);
			runOnlyForDeploymentPostprocessing = 0;
		};
		848D9D2E1C9285EE00AD5670 /* Resources */ = {
			isa = PBXResourcesBuildPhase;
			buildActionMask = 2147483647;
			files = (
			);
			runOnlyForDeploymentPostprocessing = 0;
		};
/* End PBXResourcesBuildPhase section */

/* Begin PBXShellScriptBuildPhase section */
		57C68AFB43299A75FF098E36 /* Embed Pods Frameworks */ = {
			isa = PBXShellScriptBuildPhase;
			buildActionMask = 2147483647;
			files = (
			);
			inputPaths = (
			);
			name = "Embed Pods Frameworks";
			outputPaths = (
			);
			runOnlyForDeploymentPostprocessing = 0;
			shellPath = /bin/sh;
			shellScript = "\"${SRCROOT}/Pods/Target Support Files/Pods/Pods-frameworks.sh\"\n";
			showEnvVarsInLog = 0;
		};
		79D56D5814365C4587322A0D /* Check Pods Manifest.lock */ = {
			isa = PBXShellScriptBuildPhase;
			buildActionMask = 2147483647;
			files = (
			);
			inputPaths = (
			);
			name = "Check Pods Manifest.lock";
			outputPaths = (
			);
			runOnlyForDeploymentPostprocessing = 0;
			shellPath = /bin/sh;
			shellScript = "diff \"${PODS_ROOT}/../Podfile.lock\" \"${PODS_ROOT}/Manifest.lock\" > /dev/null\nif [[ $? != 0 ]] ; then\n    cat << EOM\nerror: The sandbox is not in sync with the Podfile.lock. Run 'pod install' or update your CocoaPods installation.\nEOM\n    exit 1\nfi\n";
			showEnvVarsInLog = 0;
		};
		C266708D4783D0E86051496F /* Copy Pods Resources */ = {
			isa = PBXShellScriptBuildPhase;
			buildActionMask = 2147483647;
			files = (
			);
			inputPaths = (
			);
			name = "Copy Pods Resources";
			outputPaths = (
			);
			runOnlyForDeploymentPostprocessing = 0;
			shellPath = /bin/sh;
			shellScript = "\"${SRCROOT}/Pods/Target Support Files/Pods/Pods-resources.sh\"\n";
			showEnvVarsInLog = 0;
		};
/* End PBXShellScriptBuildPhase section */

/* Begin PBXSourcesBuildPhase section */
		848D9D081C9285ED00AD5670 /* Sources */ = {
			isa = PBXSourcesBuildPhase;
			buildActionMask = 2147483647;
			files = (
				841D83B71C9AB5D30098B207 /* UIView+Extension.m in Sources */,
				840098801CAA184400E1E8B7 /* LZRecorderTool.m in Sources */,
				84A21F231CA29442006599BE /* LZSingleChatTableViewCell.m in Sources */,
				847C74991C9A5CB700805195 /* LZTabBarController.m in Sources */,
				847C74A71C9A5E2300805195 /* LZHomeTableViewController.m in Sources */,
				84A21F261CA2944A006599BE /* SingleMessage.m in Sources */,
				847C74AA1C9A5E3D00805195 /* LZMeTableViewController.m in Sources */,
				84AE0D1B1C9952FF007A66D9 /* LZDropdownMenu.m in Sources */,
				841D83B51C9AB5D30098B207 /* AppDelegate.m in Sources */,
				84AE0D0C1C993AE7007A66D9 /* LZLoginViewController.m in Sources */,
				841D83BC1C9AB5D30098B207 /* SVRadialGradientLayer.m in Sources */,
				840098841CAA185E00E1E8B7 /* LZSingleChatTool.m in Sources */,
				841D83B61C9AB5D30098B207 /* UIBarButtonItem+Extension.m in Sources */,
				848E5D961C98F5F7000157DE /* LZRegisterViewController.m in Sources */,
				841D83BB1C9AB5D30098B207 /* SVProgressHUD.m in Sources */,
				84A21F1F1CA29438006599BE /* LZSingleChatViewController.m in Sources */,
				841D83B81C9AB5D30098B207 /* main.m in Sources */,
				847C749C1C9A5D3500805195 /* LZNavigationController.m in Sources */,
				8400987F1CAA184400E1E8B7 /* LZPlayerForRecorder.m in Sources */,
				841D83B91C9AB5D30098B207 /* SVIndefiniteAnimatedView.m in Sources */,
			);
			runOnlyForDeploymentPostprocessing = 0;
		};
		848D9D211C9285EE00AD5670 /* Sources */ = {
			isa = PBXSourcesBuildPhase;
			buildActionMask = 2147483647;
			files = (
				848D9D2A1C9285EE00AD5670 /* LZChatTests.m in Sources */,
			);
			runOnlyForDeploymentPostprocessing = 0;
		};
		848D9D2C1C9285EE00AD5670 /* Sources */ = {
			isa = PBXSourcesBuildPhase;
			buildActionMask = 2147483647;
			files = (
				848D9D351C9285EE00AD5670 /* LZChatUITests.m in Sources */,
			);
			runOnlyForDeploymentPostprocessing = 0;
		};
/* End PBXSourcesBuildPhase section */

/* Begin PBXTargetDependency section */
		848D9D271C9285EE00AD5670 /* PBXTargetDependency */ = {
			isa = PBXTargetDependency;
			target = 848D9D0B1C9285ED00AD5670 /* LZChat */;
			targetProxy = 848D9D261C9285EE00AD5670 /* PBXContainerItemProxy */;
		};
		848D9D321C9285EE00AD5670 /* PBXTargetDependency */ = {
			isa = PBXTargetDependency;
			target = 848D9D0B1C9285ED00AD5670 /* LZChat */;
			targetProxy = 848D9D311C9285EE00AD5670 /* PBXContainerItemProxy */;
		};
/* End PBXTargetDependency section */

/* Begin XCBuildConfiguration section */
		848D9D371C9285EE00AD5670 /* Debug */ = {
			isa = XCBuildConfiguration;
			buildSettings = {
				ALWAYS_SEARCH_USER_PATHS = NO;
				CLANG_CXX_LANGUAGE_STANDARD = "gnu++0x";
				CLANG_CXX_LIBRARY = "libc++";
				CLANG_ENABLE_MODULES = YES;
				CLANG_ENABLE_OBJC_ARC = YES;
				CLANG_WARN_BOOL_CONVERSION = YES;
				CLANG_WARN_CONSTANT_CONVERSION = YES;
				CLANG_WARN_DIRECT_OBJC_ISA_USAGE = YES_ERROR;
				CLANG_WARN_EMPTY_BODY = YES;
				CLANG_WARN_ENUM_CONVERSION = YES;
				CLANG_WARN_INT_CONVERSION = YES;
				CLANG_WARN_OBJC_ROOT_CLASS = YES_ERROR;
				CLANG_WARN_UNREACHABLE_CODE = YES;
				CLANG_WARN__DUPLICATE_METHOD_MATCH = YES;
				"CODE_SIGN_IDENTITY[sdk=iphoneos*]" = "iPhone Developer";
				COPY_PHASE_STRIP = NO;
				DEBUG_INFORMATION_FORMAT = dwarf;
				ENABLE_STRICT_OBJC_MSGSEND = YES;
				ENABLE_TESTABILITY = YES;
				GCC_C_LANGUAGE_STANDARD = gnu99;
				GCC_DYNAMIC_NO_PIC = NO;
				GCC_NO_COMMON_BLOCKS = YES;
				GCC_OPTIMIZATION_LEVEL = 0;
				GCC_PREPROCESSOR_DEFINITIONS = (
					"DEBUG=1",
					"$(inherited)",
				);
				GCC_WARN_64_TO_32_BIT_CONVERSION = YES;
				GCC_WARN_ABOUT_RETURN_TYPE = YES_ERROR;
				GCC_WARN_UNDECLARED_SELECTOR = YES;
				GCC_WARN_UNINITIALIZED_AUTOS = YES_AGGRESSIVE;
				GCC_WARN_UNUSED_FUNCTION = YES;
				GCC_WARN_UNUSED_VARIABLE = YES;
				IPHONEOS_DEPLOYMENT_TARGET = 9.2;
				MTL_ENABLE_DEBUG_INFO = YES;
				ONLY_ACTIVE_ARCH = YES;
				SDKROOT = iphoneos;
			};
			name = Debug;
		};
		848D9D381C9285EE00AD5670 /* Release */ = {
			isa = XCBuildConfiguration;
			buildSettings = {
				ALWAYS_SEARCH_USER_PATHS = NO;
				CLANG_CXX_LANGUAGE_STANDARD = "gnu++0x";
				CLANG_CXX_LIBRARY = "libc++";
				CLANG_ENABLE_MODULES = YES;
				CLANG_ENABLE_OBJC_ARC = YES;
				CLANG_WARN_BOOL_CONVERSION = YES;
				CLANG_WARN_CONSTANT_CONVERSION = YES;
				CLANG_WARN_DIRECT_OBJC_ISA_USAGE = YES_ERROR;
				CLANG_WARN_EMPTY_BODY = YES;
				CLANG_WARN_ENUM_CONVERSION = YES;
				CLANG_WARN_INT_CONVERSION = YES;
				CLANG_WARN_OBJC_ROOT_CLASS = YES_ERROR;
				CLANG_WARN_UNREACHABLE_CODE = YES;
				CLANG_WARN__DUPLICATE_METHOD_MATCH = YES;
				"CODE_SIGN_IDENTITY[sdk=iphoneos*]" = "iPhone Developer";
				COPY_PHASE_STRIP = NO;
				DEBUG_INFORMATION_FORMAT = "dwarf-with-dsym";
				ENABLE_NS_ASSERTIONS = NO;
				ENABLE_STRICT_OBJC_MSGSEND = YES;
				GCC_C_LANGUAGE_STANDARD = gnu99;
				GCC_NO_COMMON_BLOCKS = YES;
				GCC_WARN_64_TO_32_BIT_CONVERSION = YES;
				GCC_WARN_ABOUT_RETURN_TYPE = YES_ERROR;
				GCC_WARN_UNDECLARED_SELECTOR = YES;
				GCC_WARN_UNINITIALIZED_AUTOS = YES_AGGRESSIVE;
				GCC_WARN_UNUSED_FUNCTION = YES;
				GCC_WARN_UNUSED_VARIABLE = YES;
				IPHONEOS_DEPLOYMENT_TARGET = 9.2;
				MTL_ENABLE_DEBUG_INFO = NO;
				SDKROOT = iphoneos;
				VALIDATE_PRODUCT = YES;
			};
			name = Release;
		};
		848D9D3A1C9285EE00AD5670 /* Debug */ = {
			isa = XCBuildConfiguration;
			baseConfigurationReference = 9E3E618338FBC6944A7F90B9 /* Pods.debug.xcconfig */;
			buildSettings = {
				ASSETCATALOG_COMPILER_APPICON_NAME = AppIcon;
				ASSETCATALOG_COMPILER_LAUNCHIMAGE_NAME = LaunchImage;
				CODE_SIGN_IDENTITY = "iPhone Developer";
				"CODE_SIGN_IDENTITY[sdk=iphoneos*]" = "iPhone Developer";
				ENABLE_BITCODE = NO;
				GCC_PRECOMPILE_PREFIX_HEADER = YES;
				GCC_PREFIX_HEADER = "LZChat/LZChat-PrefixHeader.pch";
				INFOPLIST_FILE = LZChat/Info.plist;
				IPHONEOS_DEPLOYMENT_TARGET = 8.2;
				LD_RUNPATH_SEARCH_PATHS = "$(inherited) @executable_path/Frameworks";
				ONLY_ACTIVE_ARCH = YES;
				PRODUCT_BUNDLE_IDENTIFIER = com.MR..;
				PRODUCT_NAME = "$(TARGET_NAME)";
				PROVISIONING_PROFILE = "";
			};
			name = Debug;
		};
		848D9D3B1C9285EE00AD5670 /* Release */ = {
			isa = XCBuildConfiguration;
			baseConfigurationReference = 50E25415B9977735FA4544CE /* Pods.release.xcconfig */;
			buildSettings = {
				ASSETCATALOG_COMPILER_APPICON_NAME = AppIcon;
				ASSETCATALOG_COMPILER_LAUNCHIMAGE_NAME = LaunchImage;
				CODE_SIGN_IDENTITY = "iPhone Developer";
				"CODE_SIGN_IDENTITY[sdk=iphoneos*]" = "iPhone Developer";
				ENABLE_BITCODE = NO;
				GCC_PRECOMPILE_PREFIX_HEADER = YES;
				GCC_PREFIX_HEADER = "LZChat/LZChat-PrefixHeader.pch";
				INFOPLIST_FILE = LZChat/Info.plist;
				IPHONEOS_DEPLOYMENT_TARGET = 8.2;
				LD_RUNPATH_SEARCH_PATHS = "$(inherited) @executable_path/Frameworks";
				ONLY_ACTIVE_ARCH = YES;
				PRODUCT_BUNDLE_IDENTIFIER = com.MR..;
				PRODUCT_NAME = "$(TARGET_NAME)";
				PROVISIONING_PROFILE = "";
			};
			name = Release;
		};
		848D9D3D1C9285EE00AD5670 /* Debug */ = {
			isa = XCBuildConfiguration;
			buildSettings = {
				BUNDLE_LOADER = "$(TEST_HOST)";
				INFOPLIST_FILE = LZChatTests/Info.plist;
				LD_RUNPATH_SEARCH_PATHS = "$(inherited) @executable_path/Frameworks @loader_path/Frameworks";
				PRODUCT_BUNDLE_IDENTIFIER = com.MR.com.LZChatTests;
				PRODUCT_NAME = "$(TARGET_NAME)";
				TEST_HOST = "$(BUILT_PRODUCTS_DIR)/LZChat.app/LZChat";
			};
			name = Debug;
		};
		848D9D3E1C9285EE00AD5670 /* Release */ = {
			isa = XCBuildConfiguration;
			buildSettings = {
				BUNDLE_LOADER = "$(TEST_HOST)";
				INFOPLIST_FILE = LZChatTests/Info.plist;
				LD_RUNPATH_SEARCH_PATHS = "$(inherited) @executable_path/Frameworks @loader_path/Frameworks";
				PRODUCT_BUNDLE_IDENTIFIER = com.MR.com.LZChatTests;
				PRODUCT_NAME = "$(TARGET_NAME)";
				TEST_HOST = "$(BUILT_PRODUCTS_DIR)/LZChat.app/LZChat";
			};
			name = Release;
		};
		848D9D401C9285EE00AD5670 /* Debug */ = {
			isa = XCBuildConfiguration;
			buildSettings = {
				INFOPLIST_FILE = LZChatUITests/Info.plist;
				LD_RUNPATH_SEARCH_PATHS = "$(inherited) @executable_path/Frameworks @loader_path/Frameworks";
				PRODUCT_BUNDLE_IDENTIFIER = com.MR.com.LZChatUITests;
				PRODUCT_NAME = "$(TARGET_NAME)";
				TEST_TARGET_NAME = LZChat;
				USES_XCTRUNNER = YES;
			};
			name = Debug;
		};
		848D9D411C9285EE00AD5670 /* Release */ = {
			isa = XCBuildConfiguration;
			buildSettings = {
				INFOPLIST_FILE = LZChatUITests/Info.plist;
				LD_RUNPATH_SEARCH_PATHS = "$(inherited) @executable_path/Frameworks @loader_path/Frameworks";
				PRODUCT_BUNDLE_IDENTIFIER = com.MR.com.LZChatUITests;
				PRODUCT_NAME = "$(TARGET_NAME)";
				TEST_TARGET_NAME = LZChat;
				USES_XCTRUNNER = YES;
			};
			name = Release;
		};
/* End XCBuildConfiguration section */

/* Begin XCConfigurationList section */
		848D9D071C9285ED00AD5670 /* Build configuration list for PBXProject "LZChat" */ = {
			isa = XCConfigurationList;
			buildConfigurations = (
				848D9D371C9285EE00AD5670 /* Debug */,
				848D9D381C9285EE00AD5670 /* Release */,
			);
			defaultConfigurationIsVisible = 0;
			defaultConfigurationName = Release;
		};
		848D9D391C9285EE00AD5670 /* Build configuration list for PBXNativeTarget "LZChat" */ = {
			isa = XCConfigurationList;
			buildConfigurations = (
				848D9D3A1C9285EE00AD5670 /* Debug */,
				848D9D3B1C9285EE00AD5670 /* Release */,
			);
			defaultConfigurationIsVisible = 0;
			defaultConfigurationName = Release;
		};
		848D9D3C1C9285EE00AD5670 /* Build configuration list for PBXNativeTarget "LZChatTests" */ = {
			isa = XCConfigurationList;
			buildConfigurations = (
				848D9D3D1C9285EE00AD5670 /* Debug */,
				848D9D3E1C9285EE00AD5670 /* Release */,
			);
			defaultConfigurationIsVisible = 0;
			defaultConfigurationName = Release;
		};
		848D9D3F1C9285EE00AD5670 /* Build configuration list for PBXNativeTarget "LZChatUITests" */ = {
			isa = XCConfigurationList;
			buildConfigurations = (
				848D9D401C9285EE00AD5670 /* Debug */,
				848D9D411C9285EE00AD5670 /* Release */,
			);
			defaultConfigurationIsVisible = 0;
			defaultConfigurationName = Release;
		};
/* End XCConfigurationList section */
	};
	rootObject = 848D9D041C9285ED00AD5670 /* Project object */;
}
